
Microsoft Visual Studio Solution File, Format Version 12.00
# Visual Studio Version 17
VisualStudioVersion = 17.0.31903.59
MinimumVisualStudioVersion = 10.0.40219.1
Project("{FAE04EC0-301F-11D3-BF4B-00C04F79EFBC}") = "API", "API\API.csproj", "{91FD331D-15C6-4910-B025-0E30D1F477BB}"
EndProject
Project("{FAE04EC0-301F-11D3-BF4B-00C04F79EFBC}") = "Application", "Application\Application.csproj", "{38DE7DA6-3005-4630-80AC-BF6F7E9985D3}"
EndProject
Project("{FAE04EC0-301F-11D3-BF4B-00C04F79EFBC}") = "Domain", "Domain\Domain.csproj", "{003132C6-17DA-488B-AC63-8DCB05EC2292}"
EndProject
Project("{FAE04EC0-301F-11D3-BF4B-00C04F79EFBC}") = "Persistence", "Persistence\Persistence.csproj", "{978BF281-642B-4775-9096-24B9C28E91B9}"
EndProject
Global
	GlobalSection(SolutionConfigurationPlatforms) = preSolution
		Debug|Any CPU = Debug|Any CPU
		Debug|x64 = Debug|x64
		Debug|x86 = Debug|x86
		Release|Any CPU = Release|Any CPU
		Release|x64 = Release|x64
		Release|x86 = Release|x86
	EndGlobalSection
	GlobalSection(ProjectConfigurationPlatforms) = postSolution
		{91FD331D-15C6-4910-B025-0E30D1F477BB}.Debug|Any CPU.ActiveCfg = Debug|Any CPU
		{91FD331D-15C6-4910-B025-0E30D1F477BB}.Debug|Any CPU.Build.0 = Debug|Any CPU
		{91FD331D-15C6-4910-B025-0E30D1F477BB}.Debug|x64.ActiveCfg = Debug|Any CPU
		{91FD331D-15C6-4910-B025-0E30D1F477BB}.Debug|x64.Build.0 = Debug|Any CPU
		{91FD331D-15C6-4910-B025-0E30D1F477BB}.Debug|x86.ActiveCfg = Debug|Any CPU
		{91FD331D-15C6-4910-B025-0E30D1F477BB}.Debug|x86.Build.0 = Debug|Any CPU
		{91FD331D-15C6-4910-B025-0E30D1F477BB}.Release|Any CPU.ActiveCfg = Release|Any CPU
		{91FD331D-15C6-4910-B025-0E30D1F477BB}.Release|Any CPU.Build.0 = Release|Any CPU
		{91FD331D-15C6-4910-B025-0E30D1F477BB}.Release|x64.ActiveCfg = Release|Any CPU
		{91FD331D-15C6-4910-B025-0E30D1F477BB}.Release|x64.Build.0 = Release|Any CPU
		{91FD331D-15C6-4910-B025-0E30D1F477BB}.Release|x86.ActiveCfg = Release|Any CPU
		{91FD331D-15C6-4910-B025-0E30D1F477BB}.Release|x86.Build.0 = Release|Any CPU
		{38DE7DA6-3005-4630-80AC-BF6F7E9985D3}.Debug|Any CPU.ActiveCfg = Debug|Any CPU
		{38DE7DA6-3005-4630-80AC-BF6F7E9985D3}.Debug|Any CPU.Build.0 = Debug|Any CPU
		{38DE7DA6-3005-4630-80AC-BF6F7E9985D3}.Debug|x64.ActiveCfg = Debug|Any CPU
		{38DE7DA6-3005-4630-80AC-BF6F7E9985D3}.Debug|x64.Build.0 = Debug|Any CPU
		{38DE7DA6-3005-4630-80AC-BF6F7E9985D3}.Debug|x86.ActiveCfg = Debug|Any CPU
		{38DE7DA6-3005-4630-80AC-BF6F7E9985D3}.Debug|x86.Build.0 = Debug|Any CPU
		{38DE7DA6-3005-4630-80AC-BF6F7E9985D3}.Release|Any CPU.ActiveCfg = Release|Any CPU
		{38DE7DA6-3005-4630-80AC-BF6F7E9985D3}.Release|Any CPU.Build.0 = Release|Any CPU
		{38DE7DA6-3005-4630-80AC-BF6F7E9985D3}.Release|x64.ActiveCfg = Release|Any CPU
		{38DE7DA6-3005-4630-80AC-BF6F7E9985D3}.Release|x64.Build.0 = Release|Any CPU
		{38DE7DA6-3005-4630-80AC-BF6F7E9985D3}.Release|x86.ActiveCfg = Release|Any CPU
		{38DE7DA6-3005-4630-80AC-BF6F7E9985D3}.Release|x86.Build.0 = Release|Any CPU
		{003132C6-17DA-488B-AC63-8DCB05EC2292}.Debug|Any CPU.ActiveCfg = Debug|Any CPU
		{003132C6-17DA-488B-AC63-8DCB05EC2292}.Debug|Any CPU.Build.0 = Debug|Any CPU
		{003132C6-17DA-488B-AC63-8DCB05EC2292}.Debug|x64.ActiveCfg = Debug|Any CPU
		{003132C6-17DA-488B-AC63-8DCB05EC2292}.Debug|x64.Build.0 = Debug|Any CPU
		{003132C6-17DA-488B-AC63-8DCB05EC2292}.Debug|x86.ActiveCfg = Debug|Any CPU
		{003132C6-17DA-488B-AC63-8DCB05EC2292}.Debug|x86.Build.0 = Debug|Any CPU
		{003132C6-17DA-488B-AC63-8DCB05EC2292}.Release|Any CPU.ActiveCfg = Release|Any CPU
		{003132C6-17DA-488B-AC63-8DCB05EC2292}.Release|Any CPU.Build.0 = Release|Any CPU
		{003132C6-17DA-488B-AC63-8DCB05EC2292}.Release|x64.ActiveCfg = Release|Any CPU
		{003132C6-17DA-488B-AC63-8DCB05EC2292}.Release|x64.Build.0 = Release|Any CPU
		{003132C6-17DA-488B-AC63-8DCB05EC2292}.Release|x86.ActiveCfg = Release|Any CPU
		{003132C6-17DA-488B-AC63-8DCB05EC2292}.Release|x86.Build.0 = Release|Any CPU
		{978BF281-642B-4775-9096-24B9C28E91B9}.Debug|Any CPU.ActiveCfg = Debug|Any CPU
		{978BF281-642B-4775-9096-24B9C28E91B9}.Debug|Any CPU.Build.0 = Debug|Any CPU
		{978BF281-642B-4775-9096-24B9C28E91B9}.Debug|x64.ActiveCfg = Debug|Any CPU
		{978BF281-642B-4775-9096-24B9C28E91B9}.Debug|x64.Build.0 = Debug|Any CPU
		{978BF281-642B-4775-9096-24B9C28E91B9}.Debug|x86.ActiveCfg = Debug|Any CPU
		{978BF281-642B-4775-9096-24B9C28E91B9}.Debug|x86.Build.0 = Debug|Any CPU
		{978BF281-642B-4775-9096-24B9C28E91B9}.Release|Any CPU.ActiveCfg = Release|Any CPU
		{978BF281-642B-4775-9096-24B9C28E91B9}.Release|Any CPU.Build.0 = Release|Any CPU
		{978BF281-642B-4775-9096-24B9C28E91B9}.Release|x64.ActiveCfg = Release|Any CPU
		{978BF281-642B-4775-9096-24B9C28E91B9}.Release|x64.Build.0 = Release|Any CPU
		{978BF281-642B-4775-9096-24B9C28E91B9}.Release|x86.ActiveCfg = Release|Any CPU
		{978BF281-642B-4775-9096-24B9C28E91B9}.Release|x86.Build.0 = Release|Any CPU
	EndGlobalSection
	GlobalSection(SolutionProperties) = preSolution
		HideSolutionNode = FALSE
	EndGlobalSection
EndGlobal
